
Microsoft Visual Studio Solution File, Format Version 12.00
# Visual Studio 14
VisualStudioVersion = 14.0.25420.1
MinimumVisualStudioVersion = 10.0.40219.1
Project("{FAE04EC0-301F-11D3-BF4B-00C04F79EFBC}") = "BaseDatos", "practicahadagrupal\BaseDatos.csproj", "{2B71AE63-046D-4323-B9B2-DA1B27DB0857}"
EndProject
Project("{FAE04EC0-301F-11D3-BF4B-00C04F79EFBC}") = "PaginaWeb", "WebApplication\PaginaWeb.csproj", "{E73E881C-8BE2-4AA1-A397-35EAFFF42F74}"
EndProject
Project("{FAE04EC0-301F-11D3-BF4B-00C04F79EFBC}") = "ClassLibrary", "ClassLibrary\ClassLibrary.csproj", "{EDDA3838-1107-4CEE-BFF3-FAF78D9AD4EE}"
EndProject
Global
	GlobalSection(SolutionConfigurationPlatforms) = preSolution
		Debug|Any CPU = Debug|Any CPU
		Release|Any CPU = Release|Any CPU
	EndGlobalSection
	GlobalSection(ProjectConfigurationPlatforms) = postSolution
		{2B71AE63-046D-4323-B9B2-DA1B27DB0857}.Debug|Any CPU.ActiveCfg = Debug|Any CPU
		{2B71AE63-046D-4323-B9B2-DA1B27DB0857}.Debug|Any CPU.Build.0 = Debug|Any CPU
		{2B71AE63-046D-4323-B9B2-DA1B27DB0857}.Release|Any CPU.ActiveCfg = Release|Any CPU
		{2B71AE63-046D-4323-B9B2-DA1B27DB0857}.Release|Any CPU.Build.0 = Release|Any CPU
		{E73E881C-8BE2-4AA1-A397-35EAFFF42F74}.Debug|Any CPU.ActiveCfg = Debug|Any CPU
		{E73E881C-8BE2-4AA1-A397-35EAFFF42F74}.Debug|Any CPU.Build.0 = Debug|Any CPU
		{E73E881C-8BE2-4AA1-A397-35EAFFF42F74}.Release|Any CPU.ActiveCfg = Release|Any CPU
		{E73E881C-8BE2-4AA1-A397-35EAFFF42F74}.Release|Any CPU.Build.0 = Release|Any CPU
		{EDDA3838-1107-4CEE-BFF3-FAF78D9AD4EE}.Debug|Any CPU.ActiveCfg = Debug|Any CPU
		{EDDA3838-1107-4CEE-BFF3-FAF78D9AD4EE}.Debug|Any CPU.Build.0 = Debug|Any CPU
		{EDDA3838-1107-4CEE-BFF3-FAF78D9AD4EE}.Release|Any CPU.ActiveCfg = Release|Any CPU
		{EDDA3838-1107-4CEE-BFF3-FAF78D9AD4EE}.Release|Any CPU.Build.0 = Release|Any CPU
	EndGlobalSection
	GlobalSection(SolutionProperties) = preSolution
		HideSolutionNode = FALSE
	EndGlobalSection
EndGlobal
